
Microsoft Visual Studio Solution File, Format Version 12.00
# Visual Studio Version 16
VisualStudioVersion = 16.0.30413.136
MinimumVisualStudioVersion = 10.0.40219.1
Project("{2150E333-8FDC-42A3-9474-1A3956D46DE8}") = "Microservices", "Microservices", "{969355E7-79ED-423D-A49E-5A8AC0AD012A}"
EndProject
Project("{2150E333-8FDC-42A3-9474-1A3956D46DE8}") = "Domain", "Domain", "{56509479-8BCA-4A20-AFAF-D6DA0C9B8509}"
EndProject
Project("{2150E333-8FDC-42A3-9474-1A3956D46DE8}") = "Infra.Bus", "Infra.Bus", "{6CBB4BC3-BFDB-4EA8-82C9-AD761A663F43}"
EndProject
Project("{2150E333-8FDC-42A3-9474-1A3956D46DE8}") = "Infra.IoC", "Infra.IoC", "{53C05CF7-B579-4E94-BCE7-D57FBF8A8030}"
EndProject
Project("{2150E333-8FDC-42A3-9474-1A3956D46DE8}") = "Presentation", "Presentation", "{CB056AD0-4AC6-417A-B1A8-5C61EDD89BDC}"
EndProject
Project("{FAE04EC0-301F-11D3-BF4B-00C04F79EFBC}") = "MicroRabbit.Domain.Core", "MicroRabbit.Domain.Core\MicroRabbit.Domain.Core.csproj", "{DFEE4E00-65F1-4B64-958D-0059B559897F}"
EndProject
Global
	GlobalSection(SolutionConfigurationPlatforms) = preSolution
		Debug|Any CPU = Debug|Any CPU
		Release|Any CPU = Release|Any CPU
	EndGlobalSection
	GlobalSection(ProjectConfigurationPlatforms) = postSolution
		{DFEE4E00-65F1-4B64-958D-0059B559897F}.Debug|Any CPU.ActiveCfg = Debug|Any CPU
		{DFEE4E00-65F1-4B64-958D-0059B559897F}.Debug|Any CPU.Build.0 = Debug|Any CPU
		{DFEE4E00-65F1-4B64-958D-0059B559897F}.Release|Any CPU.ActiveCfg = Release|Any CPU
		{DFEE4E00-65F1-4B64-958D-0059B559897F}.Release|Any CPU.Build.0 = Release|Any CPU
	EndGlobalSection
	GlobalSection(SolutionProperties) = preSolution
		HideSolutionNode = FALSE
	EndGlobalSection
	GlobalSection(NestedProjects) = preSolution
		{DFEE4E00-65F1-4B64-958D-0059B559897F} = {56509479-8BCA-4A20-AFAF-D6DA0C9B8509}
	EndGlobalSection
	GlobalSection(ExtensibilityGlobals) = postSolution
		SolutionGuid = {B5D9C435-CDBD-47B7-A4CB-BD3BF58B9EDE}
	EndGlobalSection
EndGlobal
