
Microsoft Visual Studio Solution File, Format Version 12.00
# Visual Studio Version 16
VisualStudioVersion = 16.0.30413.136
MinimumVisualStudioVersion = 10.0.40219.1
Project("{2150E333-8FDC-42A3-9474-1A3956D46DE8}") = "Microservices", "Microservices", "{969355E7-79ED-423D-A49E-5A8AC0AD012A}"
EndProject
Project("{2150E333-8FDC-42A3-9474-1A3956D46DE8}") = "Domain", "Domain", "{56509479-8BCA-4A20-AFAF-D6DA0C9B8509}"
EndProject
Project("{2150E333-8FDC-42A3-9474-1A3956D46DE8}") = "Infra.Bus", "Infra.Bus", "{6CBB4BC3-BFDB-4EA8-82C9-AD761A663F43}"
EndProject
Project("{2150E333-8FDC-42A3-9474-1A3956D46DE8}") = "Infra.IoC", "Infra.IoC", "{53C05CF7-B579-4E94-BCE7-D57FBF8A8030}"
EndProject
Project("{2150E333-8FDC-42A3-9474-1A3956D46DE8}") = "Presentation", "Presentation", "{CB056AD0-4AC6-417A-B1A8-5C61EDD89BDC}"
EndProject
Project("{9A19103F-16F7-4668-BE54-9A1E7A4F7556}") = "MicroRabbit.Domain.Core", "MicroRabbit.Domain.Core\MicroRabbit.Domain.Core.csproj", "{DFEE4E00-65F1-4B64-958D-0059B559897F}"
EndProject
Project("{9A19103F-16F7-4668-BE54-9A1E7A4F7556}") = "MicroRabbit.Infra.Bus", "MicroRabbit.Infra.Bus\MicroRabbit.Infra.Bus.csproj", "{821688C5-0B53-4191-A9DF-88888D18E7BB}"
EndProject
Project("{9A19103F-16F7-4668-BE54-9A1E7A4F7556}") = "MicroRabbit.Infra.IoC", "MicroRabbit.Infra.IoC\MicroRabbit.Infra.IoC.csproj", "{68C3B344-137D-49A1-AF69-B2854D594B24}"
EndProject
Project("{2150E333-8FDC-42A3-9474-1A3956D46DE8}") = "Banking", "Banking", "{665A6C6A-61EB-4085-8A34-40BE2954C367}"
EndProject
Project("{2150E333-8FDC-42A3-9474-1A3956D46DE8}") = "Api", "Api", "{E86E6F43-C43C-409C-8B0D-ADE0C03310E5}"
EndProject
Project("{2150E333-8FDC-42A3-9474-1A3956D46DE8}") = "Domain", "Domain", "{B959CED7-EA44-46DA-A106-2FE1E993BF0A}"
EndProject
Project("{2150E333-8FDC-42A3-9474-1A3956D46DE8}") = "Application", "Application", "{C666B062-A8A7-457F-AA2D-30B983030C9D}"
EndProject
Project("{2150E333-8FDC-42A3-9474-1A3956D46DE8}") = "Data", "Data", "{D7D064CE-C8A8-40F9-AF99-A42B2A4140F2}"
EndProject
Project("{9A19103F-16F7-4668-BE54-9A1E7A4F7556}") = "MicroRabbit.Banking.Api", "MicroRabbit.Banking.Api\MicroRabbit.Banking.Api.csproj", "{7AFD3917-CA18-467D-A825-C06E103BDF37}"
EndProject
Project("{9A19103F-16F7-4668-BE54-9A1E7A4F7556}") = "MicroRabbit.Banking.Application", "MicroRabbit.Banking.Application\MicroRabbit.Banking.Application.csproj", "{39935205-0D3D-45BD-AE25-8B0A4F60BA5F}"
EndProject
Project("{9A19103F-16F7-4668-BE54-9A1E7A4F7556}") = "MicroRabbit.Banking.Data", "MicroRabbit.Banking.Data\MicroRabbit.Banking.Data.csproj", "{880147AF-3428-4278-BA41-CB3E30D06313}"
EndProject
Project("{9A19103F-16F7-4668-BE54-9A1E7A4F7556}") = "MicroRabbit.Banking.Domain", "MicroRabbit.Banking.Domain\MicroRabbit.Banking.Domain.csproj", "{93E370DD-0244-4899-B928-13105A1D30C0}"
EndProject
Project("{2150E333-8FDC-42A3-9474-1A3956D46DE8}") = "Transfer", "Transfer", "{1903FF43-873B-4DBB-B53C-11ACC7AF0934}"
EndProject
Project("{2150E333-8FDC-42A3-9474-1A3956D46DE8}") = "Api", "Api", "{A8042F25-90B4-447A-AFAE-D2C71A0DD76C}"
EndProject
Project("{2150E333-8FDC-42A3-9474-1A3956D46DE8}") = "Application", "Application", "{64BEE657-C15D-4C01-8BFB-2D49ED521F35}"
EndProject
Project("{2150E333-8FDC-42A3-9474-1A3956D46DE8}") = "Data", "Data", "{61ECEEB3-570C-4315-98B3-2BAB7EBAFB61}"
EndProject
Project("{2150E333-8FDC-42A3-9474-1A3956D46DE8}") = "Domain", "Domain", "{0652E17E-F35E-490E-818F-7173C4645982}"
EndProject
Project("{9A19103F-16F7-4668-BE54-9A1E7A4F7556}") = "MicroRabbit.Transfer.Api", "MicroRabbit.Transfer.Api\MicroRabbit.Transfer.Api.csproj", "{54469167-DDCF-4029-BB78-F8947F9A9744}"
EndProject
Project("{9A19103F-16F7-4668-BE54-9A1E7A4F7556}") = "MicroRabbit.Transfer.Application", "MicroRabbit.Transfer.Application\MicroRabbit.Transfer.Application.csproj", "{0F31119D-9536-41A9-84C9-81E0EC6FA347}"
EndProject
Project("{9A19103F-16F7-4668-BE54-9A1E7A4F7556}") = "MicroRabbit.Transfer.Domain", "MicroRabbit.Transfer.Domain\MicroRabbit.Transfer.Domain.csproj", "{A12BD66A-AE3C-40F2-A087-71370A8C4FF0}"
EndProject
Project("{9A19103F-16F7-4668-BE54-9A1E7A4F7556}") = "MicroRabbit.Transfer.Data", "MicroRabbit.Transfer.Data\MicroRabbit.Transfer.Data.csproj", "{6EF70F27-B1D1-40A6-A08F-425AFB4B7359}"
EndProject
Project("{FAE04EC0-301F-11D3-BF4B-00C04F79EFBC}") = "MicroRabbit.MVC", "MicroRabbit.MVC\MicroRabbit.MVC.csproj", "{F6CC0D90-94A8-44FA-BEED-E04BF912A947}"
EndProject
Global
	GlobalSection(SolutionConfigurationPlatforms) = preSolution
		Debug|Any CPU = Debug|Any CPU
		Release|Any CPU = Release|Any CPU
	EndGlobalSection
	GlobalSection(ProjectConfigurationPlatforms) = postSolution
		{DFEE4E00-65F1-4B64-958D-0059B559897F}.Debug|Any CPU.ActiveCfg = Debug|Any CPU
		{DFEE4E00-65F1-4B64-958D-0059B559897F}.Debug|Any CPU.Build.0 = Debug|Any CPU
		{DFEE4E00-65F1-4B64-958D-0059B559897F}.Release|Any CPU.ActiveCfg = Release|Any CPU
		{DFEE4E00-65F1-4B64-958D-0059B559897F}.Release|Any CPU.Build.0 = Release|Any CPU
		{821688C5-0B53-4191-A9DF-88888D18E7BB}.Debug|Any CPU.ActiveCfg = Debug|Any CPU
		{821688C5-0B53-4191-A9DF-88888D18E7BB}.Debug|Any CPU.Build.0 = Debug|Any CPU
		{821688C5-0B53-4191-A9DF-88888D18E7BB}.Release|Any CPU.ActiveCfg = Release|Any CPU
		{821688C5-0B53-4191-A9DF-88888D18E7BB}.Release|Any CPU.Build.0 = Release|Any CPU
		{68C3B344-137D-49A1-AF69-B2854D594B24}.Debug|Any CPU.ActiveCfg = Debug|Any CPU
		{68C3B344-137D-49A1-AF69-B2854D594B24}.Debug|Any CPU.Build.0 = Debug|Any CPU
		{68C3B344-137D-49A1-AF69-B2854D594B24}.Release|Any CPU.ActiveCfg = Release|Any CPU
		{68C3B344-137D-49A1-AF69-B2854D594B24}.Release|Any CPU.Build.0 = Release|Any CPU
		{7AFD3917-CA18-467D-A825-C06E103BDF37}.Debug|Any CPU.ActiveCfg = Debug|Any CPU
		{7AFD3917-CA18-467D-A825-C06E103BDF37}.Debug|Any CPU.Build.0 = Debug|Any CPU
		{7AFD3917-CA18-467D-A825-C06E103BDF37}.Release|Any CPU.ActiveCfg = Release|Any CPU
		{7AFD3917-CA18-467D-A825-C06E103BDF37}.Release|Any CPU.Build.0 = Release|Any CPU
		{39935205-0D3D-45BD-AE25-8B0A4F60BA5F}.Debug|Any CPU.ActiveCfg = Debug|Any CPU
		{39935205-0D3D-45BD-AE25-8B0A4F60BA5F}.Debug|Any CPU.Build.0 = Debug|Any CPU
		{39935205-0D3D-45BD-AE25-8B0A4F60BA5F}.Release|Any CPU.ActiveCfg = Release|Any CPU
		{39935205-0D3D-45BD-AE25-8B0A4F60BA5F}.Release|Any CPU.Build.0 = Release|Any CPU
		{880147AF-3428-4278-BA41-CB3E30D06313}.Debug|Any CPU.ActiveCfg = Debug|Any CPU
		{880147AF-3428-4278-BA41-CB3E30D06313}.Debug|Any CPU.Build.0 = Debug|Any CPU
		{880147AF-3428-4278-BA41-CB3E30D06313}.Release|Any CPU.ActiveCfg = Release|Any CPU
		{880147AF-3428-4278-BA41-CB3E30D06313}.Release|Any CPU.Build.0 = Release|Any CPU
		{93E370DD-0244-4899-B928-13105A1D30C0}.Debug|Any CPU.ActiveCfg = Debug|Any CPU
		{93E370DD-0244-4899-B928-13105A1D30C0}.Debug|Any CPU.Build.0 = Debug|Any CPU
		{93E370DD-0244-4899-B928-13105A1D30C0}.Release|Any CPU.ActiveCfg = Release|Any CPU
		{93E370DD-0244-4899-B928-13105A1D30C0}.Release|Any CPU.Build.0 = Release|Any CPU
		{54469167-DDCF-4029-BB78-F8947F9A9744}.Debug|Any CPU.ActiveCfg = Debug|Any CPU
		{54469167-DDCF-4029-BB78-F8947F9A9744}.Debug|Any CPU.Build.0 = Debug|Any CPU
		{54469167-DDCF-4029-BB78-F8947F9A9744}.Release|Any CPU.ActiveCfg = Release|Any CPU
		{54469167-DDCF-4029-BB78-F8947F9A9744}.Release|Any CPU.Build.0 = Release|Any CPU
		{0F31119D-9536-41A9-84C9-81E0EC6FA347}.Debug|Any CPU.ActiveCfg = Debug|Any CPU
		{0F31119D-9536-41A9-84C9-81E0EC6FA347}.Debug|Any CPU.Build.0 = Debug|Any CPU
		{0F31119D-9536-41A9-84C9-81E0EC6FA347}.Release|Any CPU.ActiveCfg = Release|Any CPU
		{0F31119D-9536-41A9-84C9-81E0EC6FA347}.Release|Any CPU.Build.0 = Release|Any CPU
		{A12BD66A-AE3C-40F2-A087-71370A8C4FF0}.Debug|Any CPU.ActiveCfg = Debug|Any CPU
		{A12BD66A-AE3C-40F2-A087-71370A8C4FF0}.Debug|Any CPU.Build.0 = Debug|Any CPU
		{A12BD66A-AE3C-40F2-A087-71370A8C4FF0}.Release|Any CPU.ActiveCfg = Release|Any CPU
		{A12BD66A-AE3C-40F2-A087-71370A8C4FF0}.Release|Any CPU.Build.0 = Release|Any CPU
		{6EF70F27-B1D1-40A6-A08F-425AFB4B7359}.Debug|Any CPU.ActiveCfg = Debug|Any CPU
		{6EF70F27-B1D1-40A6-A08F-425AFB4B7359}.Debug|Any CPU.Build.0 = Debug|Any CPU
		{6EF70F27-B1D1-40A6-A08F-425AFB4B7359}.Release|Any CPU.ActiveCfg = Release|Any CPU
		{6EF70F27-B1D1-40A6-A08F-425AFB4B7359}.Release|Any CPU.Build.0 = Release|Any CPU
		{F6CC0D90-94A8-44FA-BEED-E04BF912A947}.Debug|Any CPU.ActiveCfg = Debug|Any CPU
		{F6CC0D90-94A8-44FA-BEED-E04BF912A947}.Debug|Any CPU.Build.0 = Debug|Any CPU
		{F6CC0D90-94A8-44FA-BEED-E04BF912A947}.Release|Any CPU.ActiveCfg = Release|Any CPU
		{F6CC0D90-94A8-44FA-BEED-E04BF912A947}.Release|Any CPU.Build.0 = Release|Any CPU
	EndGlobalSection
	GlobalSection(SolutionProperties) = preSolution
		HideSolutionNode = FALSE
	EndGlobalSection
	GlobalSection(NestedProjects) = preSolution
		{DFEE4E00-65F1-4B64-958D-0059B559897F} = {56509479-8BCA-4A20-AFAF-D6DA0C9B8509}
		{821688C5-0B53-4191-A9DF-88888D18E7BB} = {6CBB4BC3-BFDB-4EA8-82C9-AD761A663F43}
		{68C3B344-137D-49A1-AF69-B2854D594B24} = {53C05CF7-B579-4E94-BCE7-D57FBF8A8030}
		{665A6C6A-61EB-4085-8A34-40BE2954C367} = {969355E7-79ED-423D-A49E-5A8AC0AD012A}
		{E86E6F43-C43C-409C-8B0D-ADE0C03310E5} = {665A6C6A-61EB-4085-8A34-40BE2954C367}
		{B959CED7-EA44-46DA-A106-2FE1E993BF0A} = {665A6C6A-61EB-4085-8A34-40BE2954C367}
		{C666B062-A8A7-457F-AA2D-30B983030C9D} = {665A6C6A-61EB-4085-8A34-40BE2954C367}
		{D7D064CE-C8A8-40F9-AF99-A42B2A4140F2} = {665A6C6A-61EB-4085-8A34-40BE2954C367}
		{7AFD3917-CA18-467D-A825-C06E103BDF37} = {E86E6F43-C43C-409C-8B0D-ADE0C03310E5}
		{39935205-0D3D-45BD-AE25-8B0A4F60BA5F} = {C666B062-A8A7-457F-AA2D-30B983030C9D}
		{880147AF-3428-4278-BA41-CB3E30D06313} = {D7D064CE-C8A8-40F9-AF99-A42B2A4140F2}
		{93E370DD-0244-4899-B928-13105A1D30C0} = {B959CED7-EA44-46DA-A106-2FE1E993BF0A}
		{1903FF43-873B-4DBB-B53C-11ACC7AF0934} = {969355E7-79ED-423D-A49E-5A8AC0AD012A}
		{A8042F25-90B4-447A-AFAE-D2C71A0DD76C} = {1903FF43-873B-4DBB-B53C-11ACC7AF0934}
		{64BEE657-C15D-4C01-8BFB-2D49ED521F35} = {1903FF43-873B-4DBB-B53C-11ACC7AF0934}
		{61ECEEB3-570C-4315-98B3-2BAB7EBAFB61} = {1903FF43-873B-4DBB-B53C-11ACC7AF0934}
		{0652E17E-F35E-490E-818F-7173C4645982} = {1903FF43-873B-4DBB-B53C-11ACC7AF0934}
		{54469167-DDCF-4029-BB78-F8947F9A9744} = {A8042F25-90B4-447A-AFAE-D2C71A0DD76C}
		{0F31119D-9536-41A9-84C9-81E0EC6FA347} = {64BEE657-C15D-4C01-8BFB-2D49ED521F35}
		{A12BD66A-AE3C-40F2-A087-71370A8C4FF0} = {0652E17E-F35E-490E-818F-7173C4645982}
		{6EF70F27-B1D1-40A6-A08F-425AFB4B7359} = {61ECEEB3-570C-4315-98B3-2BAB7EBAFB61}
		{F6CC0D90-94A8-44FA-BEED-E04BF912A947} = {CB056AD0-4AC6-417A-B1A8-5C61EDD89BDC}
	EndGlobalSection
	GlobalSection(ExtensibilityGlobals) = postSolution
		SolutionGuid = {B5D9C435-CDBD-47B7-A4CB-BD3BF58B9EDE}
	EndGlobalSection
EndGlobal
